{
  "name": "cf-workers",
  "lockfileVersion": 3,
  "requires": true,
  "packages": {
    "": {
      "dependencies": {
        "create-cloudflare": "^2.21.6"
      }
    },
    "node_modules/create-cloudflare": {
      "version": "2.21.6",
      "resolved": "https://registry.npmmirror.com/create-cloudflare/-/create-cloudflare-2.21.6.tgz",
      "integrity": "sha512-lPoWQixoZp+jNcCbubNED8JHbqQHPAqGAVEKvwyjyVWZqvteKtCnn3EuC4acxs/VANoMo3fEvdnqaIBqy44D+Q==",
      "bin": {
        "create-cloudflare": "dist/cli.js"
      },
      "engines": {
        "node": ">=18.14.1"
      }
    }
  }
}
