{
  "name": "cf-workers",
  "lockfileVersion": 3,
  "requires": true,
  "packages": {
    "": {
      "dependencies": {
        "create-cloudflare": "^2.21.9"
      }
    },
    "node_modules/create-cloudflare": {
      "version": "2.21.9",
      "resolved": "https://registry.npmjs.org/create-cloudflare/-/create-cloudflare-2.21.9.tgz",
      "integrity": "sha512-zd0ufK/OW5AWrNRzFp+TctFk5MyfNiFz4s67CBAQglF/VOUBfjBHHaU9t4B1nx8iwa3tMNXaeS/KcVvKd8zutA==",
      "bin": {
        "create-cloudflare": "dist/cli.js"
      },
      "engines": {
        "node": ">=18.14.1"
      }
    }
  }
}
